// !$*UTF8*$!
{
	archiveVersion = 1;
	classes = {
	};
	objectVersion = 48;
	objects = {

/* Begin PBXBuildFile section */
		2E810A58201785EB0007F133 /* AppDelegate.m in Sources */ = {isa = PBXBuildFile; fileRef = 2E810A57201785EB0007F133 /* AppDelegate.m */; };
		2E810A5B201785EB0007F133 /* ViewController.m in Sources */ = {isa = PBXBuildFile; fileRef = 2E810A5A201785EB0007F133 /* ViewController.m */; };
		2E810A5E201785EB0007F133 /* Main.storyboard in Resources */ = {isa = PBXBuildFile; fileRef = 2E810A5C201785EB0007F133 /* Main.storyboard */; };
		2E810A60201785EB0007F133 /* Assets.xcassets in Resources */ = {isa = PBXBuildFile; fileRef = 2E810A5F201785EB0007F133 /* Assets.xcassets */; };
		2E810A63201785EB0007F133 /* LaunchScreen.storyboard in Resources */ = {isa = PBXBuildFile; fileRef = 2E810A61201785EB0007F133 /* LaunchScreen.storyboard */; };
		2E810A66201785EB0007F133 /* main.m in Sources */ = {isa = PBXBuildFile; fileRef = 2E810A65201785EB0007F133 /* main.m */; };
		2E810A70201785EB0007F133 /* newOfferTests.m in Sources */ = {isa = PBXBuildFile; fileRef = 2E810A6F201785EB0007F133 /* newOfferTests.m */; };
		2E810A7B201785EB0007F133 /* newOfferUITests.m in Sources */ = {isa = PBXBuildFile; fileRef = 2E810A7A201785EB0007F133 /* newOfferUITests.m */; };
		2E810A89201789A30007F133 /* images in Resources */ = {isa = PBXBuildFile; fileRef = 2E810A88201789A30007F133 /* images */; };
/* End PBXBuildFile section */

/* Begin PBXContainerItemProxy section */
		2E810A6C201785EB0007F133 /* PBXContainerItemProxy */ = {
			isa = PBXContainerItemProxy;
			containerPortal = 2E810A4B201785EB0007F133 /* Project object */;
			proxyType = 1;
			remoteGlobalIDString = 2E810A52201785EB0007F133;
			remoteInfo = newOffer;
		};
		2E810A77201785EB0007F133 /* PBXContainerItemProxy */ = {
			isa = PBXContainerItemProxy;
			containerPortal = 2E810A4B201785EB0007F133 /* Project object */;
			proxyType = 1;
			remoteGlobalIDString = 2E810A52201785EB0007F133;
			remoteInfo = newOffer;
		};
/* End PBXContainerItemProxy section */

/* Begin PBXFileReference section */
		2E810A53201785EB0007F133 /* newOffer.app */ = {isa = PBXFileReference; explicitFileType = wrapper.application; includeInIndex = 0; path = newOffer.app; sourceTree = BUILT_PRODUCTS_DIR; };
		2E810A56201785EB0007F133 /* AppDelegate.h */ = {isa = PBXFileReference; lastKnownFileType = sourcecode.c.h; path = AppDelegate.h; sourceTree = "<group>"; };
		2E810A57201785EB0007F133 /* AppDelegate.m */ = {isa = PBXFileReference; lastKnownFileType = sourcecode.c.objc; path = AppDelegate.m; sourceTree = "<group>"; };
		2E810A59201785EB0007F133 /* ViewController.h */ = {isa = PBXFileReference; lastKnownFileType = sourcecode.c.h; path = ViewController.h; sourceTree = "<group>"; };
		2E810A5A201785EB0007F133 /* ViewController.m */ = {isa = PBXFileReference; lastKnownFileType = sourcecode.c.objc; path = ViewController.m; sourceTree = "<group>"; };
		2E810A5D201785EB0007F133 /* Base */ = {isa = PBXFileReference; lastKnownFileType = file.storyboard; name = Base; path = Base.lproj/Main.storyboard; sourceTree = "<group>"; };
		2E810A5F201785EB0007F133 /* Assets.xcassets */ = {isa = PBXFileReference; lastKnownFileType = folder.assetcatalog; path = Assets.xcassets; sourceTree = "<group>"; };
		2E810A62201785EB0007F133 /* Base */ = {isa = PBXFileReference; lastKnownFileType = file.storyboard; name = Base; path = Base.lproj/LaunchScreen.storyboard; sourceTree = "<group>"; };
		2E810A64201785EB0007F133 /* Info.plist */ = {isa = PBXFileReference; lastKnownFileType = text.plist.xml; path = Info.plist; sourceTree = "<group>"; };
		2E810A65201785EB0007F133 /* main.m */ = {isa = PBXFileReference; lastKnownFileType = sourcecode.c.objc; path = main.m; sourceTree = "<group>"; };
		2E810A6B201785EB0007F133 /* newOfferTests.xctest */ = {isa = PBXFileReference; explicitFileType = wrapper.cfbundle; includeInIndex = 0; path = newOfferTests.xctest; sourceTree = BUILT_PRODUCTS_DIR; };
		2E810A6F201785EB0007F133 /* newOfferTests.m */ = {isa = PBXFileReference; lastKnownFileType = sourcecode.c.objc; path = newOfferTests.m; sourceTree = "<group>"; };
		2E810A71201785EB0007F133 /* Info.plist */ = {isa = PBXFileReference; lastKnownFileType = text.plist.xml; path = Info.plist; sourceTree = "<group>"; };
		2E810A76201785EB0007F133 /* newOfferUITests.xctest */ = {isa = PBXFileReference; explicitFileType = wrapper.cfbundle; includeInIndex = 0; path = newOfferUITests.xctest; sourceTree = BUILT_PRODUCTS_DIR; };
		2E810A7A201785EB0007F133 /* newOfferUITests.m */ = {isa = PBXFileReference; lastKnownFileType = sourcecode.c.objc; path = newOfferUITests.m; sourceTree = "<group>"; };
		2E810A7C201785EB0007F133 /* Info.plist */ = {isa = PBXFileReference; lastKnownFileType = text.plist.xml; path = Info.plist; sourceTree = "<group>"; };
		2E810A88201789A30007F133 /* images */ = {isa = PBXFileReference; lastKnownFileType = folder; path = images; sourceTree = "<group>"; };
/* End PBXFileReference section */

/* Begin PBXFrameworksBuildPhase section */
		2E810A50201785EB0007F133 /* Frameworks */ = {
			isa = PBXFrameworksBuildPhase;
			buildActionMask = 2147483647;
			files = (
			);
			runOnlyForDeploymentPostprocessing = 0;
		};
		2E810A68201785EB0007F133 /* Frameworks */ = {
			isa = PBXFrameworksBuildPhase;
			buildActionMask = 2147483647;
			files = (
			);
			runOnlyForDeploymentPostprocessing = 0;
		};
		2E810A73201785EB0007F133 /* Frameworks */ = {
			isa = PBXFrameworksBuildPhase;
			buildActionMask = 2147483647;
			files = (
			);
			runOnlyForDeploymentPostprocessing = 0;
		};
/* End PBXFrameworksBuildPhase section */

/* Begin PBXGroup section */
		2E810A4A201785EB0007F133 = {
			isa = PBXGroup;
			children = (
				2E810A55201785EB0007F133 /* newOffer */,
				2E810A6E201785EB0007F133 /* newOfferTests */,
				2E810A79201785EB0007F133 /* newOfferUITests */,
				2E810A54201785EB0007F133 /* Products */,
			);
			sourceTree = "<group>";
		};
		2E810A54201785EB0007F133 /* Products */ = {
			isa = PBXGroup;
			children = (
				2E810A53201785EB0007F133 /* newOffer.app */,
				2E810A6B201785EB0007F133 /* newOfferTests.xctest */,
				2E810A76201785EB0007F133 /* newOfferUITests.xctest */,
			);
			name = Products;
			sourceTree = "<group>";
		};
		2E810A55201785EB0007F133 /* newOffer */ = {
			isa = PBXGroup;
			children = (
				2E810A88201789A30007F133 /* images */,
				2E810A56201785EB0007F133 /* AppDelegate.h */,
				2E810A57201785EB0007F133 /* AppDelegate.m */,
				2E810A59201785EB0007F133 /* ViewController.h */,
				2E810A5A201785EB0007F133 /* ViewController.m */,
				2E810A5C201785EB0007F133 /* Main.storyboard */,
				2E810A5F201785EB0007F133 /* Assets.xcassets */,
				2E810A61201785EB0007F133 /* LaunchScreen.storyboard */,
				2E810A64201785EB0007F133 /* Info.plist */,
				2E810A65201785EB0007F133 /* main.m */,
			);
			path = newOffer;
			sourceTree = "<group>";
		};
		2E810A6E201785EB0007F133 /* newOfferTests */ = {
			isa = PBXGroup;
			children = (
				2E810A6F201785EB0007F133 /* newOfferTests.m */,
				2E810A71201785EB0007F133 /* Info.plist */,
			);
			path = newOfferTests;
			sourceTree = "<group>";
		};
		2E810A79201785EB0007F133 /* newOfferUITests */ = {
			isa = PBXGroup;
			children = (
				2E810A7A201785EB0007F133 /* newOfferUITests.m */,
				2E810A7C201785EB0007F133 /* Info.plist */,
			);
			path = newOfferUITests;
			sourceTree = "<group>";
		};
/* End PBXGroup section */

/* Begin PBXNativeTarget section */
		2E810A52201785EB0007F133 /* newOffer */ = {
			isa = PBXNativeTarget;
			buildConfigurationList = 2E810A7F201785EB0007F133 /* Build configuration list for PBXNativeTarget "newOffer" */;
			buildPhases = (
				2E810A4F201785EB0007F133 /* Sources */,
				2E810A50201785EB0007F133 /* Frameworks */,
				2E810A51201785EB0007F133 /* Resources */,
			);
			buildRules = (
			);
			dependencies = (
			);
			name = newOffer;
			productName = newOffer;
			productReference = 2E810A53201785EB0007F133 /* newOffer.app */;
			productType = "com.apple.product-type.application";
		};
		2E810A6A201785EB0007F133 /* newOfferTests */ = {
			isa = PBXNativeTarget;
			buildConfigurationList = 2E810A82201785EB0007F133 /* Build configuration list for PBXNativeTarget "newOfferTests" */;
			buildPhases = (
				2E810A67201785EB0007F133 /* Sources */,
				2E810A68201785EB0007F133 /* Frameworks */,
				2E810A69201785EB0007F133 /* Resources */,
			);
			buildRules = (
			);
			dependencies = (
				2E810A6D201785EB0007F133 /* PBXTargetDependency */,
			);
			name = newOfferTests;
			productName = newOfferTests;
			productReference = 2E810A6B201785EB0007F133 /* newOfferTests.xctest */;
			productType = "com.apple.product-type.bundle.unit-test";
		};
		2E810A75201785EB0007F133 /* newOfferUITests */ = {
			isa = PBXNativeTarget;
			buildConfigurationList = 2E810A85201785EB0007F133 /* Build configuration list for PBXNativeTarget "newOfferUITests" */;
			buildPhases = (
				2E810A72201785EB0007F133 /* Sources */,
				2E810A73201785EB0007F133 /* Frameworks */,
				2E810A74201785EB0007F133 /* Resources */,
			);
			buildRules = (
			);
			dependencies = (
				2E810A78201785EB0007F133 /* PBXTargetDependency */,
			);
			name = newOfferUITests;
			productName = newOfferUITests;
			productReference = 2E810A76201785EB0007F133 /* newOfferUITests.xctest */;
			productType = "com.apple.product-type.bundle.ui-testing";
		};
/* End PBXNativeTarget section */

/* Begin PBXProject section */
		2E810A4B201785EB0007F133 /* Project object */ = {
			isa = PBXProject;
			attributes = {
				LastUpgradeCheck = 0920;
				ORGANIZATIONNAME = "徐金辉";
				TargetAttributes = {
					2E810A52201785EB0007F133 = {
						CreatedOnToolsVersion = 9.2;
						ProvisioningStyle = Automatic;
					};
					2E810A6A201785EB0007F133 = {
						CreatedOnToolsVersion = 9.2;
						ProvisioningStyle = Automatic;
						TestTargetID = 2E810A52201785EB0007F133;
					};
					2E810A75201785EB0007F133 = {
						CreatedOnToolsVersion = 9.2;
						ProvisioningStyle = Automatic;
						TestTargetID = 2E810A52201785EB0007F133;
					};
				};
			};
			buildConfigurationList = 2E810A4E201785EB0007F133 /* Build configuration list for PBXProject "newOffer" */;
			compatibilityVersion = "Xcode 8.0";
			developmentRegion = en;
			hasScannedForEncodings = 0;
			knownRegions = (
				en,
				Base,
			);
			mainGroup = 2E810A4A201785EB0007F133;
			productRefGroup = 2E810A54201785EB0007F133 /* Products */;
			projectDirPath = "";
			projectRoot = "";
			targets = (
				2E810A52201785EB0007F133 /* newOffer */,
				2E810A6A201785EB0007F133 /* newOfferTests */,
				2E810A75201785EB0007F133 /* newOfferUITests */,
			);
		};
/* End PBXProject section */

/* Begin PBXResourcesBuildPhase section */
		2E810A51201785EB0007F133 /* Resources */ = {
			isa = PBXResourcesBuildPhase;
			buildActionMask = 2147483647;
			files = (
				2E810A89201789A30007F133 /* images in Resources */,
				2E810A63201785EB0007F133 /* LaunchScreen.storyboard in Resources */,
				2E810A60201785EB0007F133 /* Assets.xcassets in Resources */,
				2E810A5E201785EB0007F133 /* Main.storyboard in Resources */,
			);
			runOnlyForDeploymentPostprocessing = 0;
		};
		2E810A69201785EB0007F133 /* Resources */ = {
			isa = PBXResourcesBuildPhase;
			buildActionMask = 2147483647;
			files = (
			);
			runOnlyForDeploymentPostprocessing = 0;
		};
		2E810A74201785EB0007F133 /* Resources */ = {
			isa = PBXResourcesBuildPhase;
			buildActionMask = 2147483647;
			files = (
			);
			runOnlyForDeploymentPostprocessing = 0;
		};
/* End PBXResourcesBuildPhase section */

/* Begin PBXSourcesBuildPhase section */
		2E810A4F201785EB0007F133 /* Sources */ = {
			isa = PBXSourcesBuildPhase;
			buildActionMask = 2147483647;
			files = (
				2E810A5B201785EB0007F133 /* ViewController.m in Sources */,
				2E810A66201785EB0007F133 /* main.m in Sources */,
				2E810A58201785EB0007F133 /* AppDelegate.m in Sources */,
			);
			runOnlyForDeploymentPostprocessing = 0;
		};
		2E810A67201785EB0007F133 /* Sources */ = {
			isa = PBXSourcesBuildPhase;
			buildActionMask = 2147483647;
			files = (
				2E810A70201785EB0007F133 /* newOfferTests.m in Sources */,
			);
			runOnlyForDeploymentPostprocessing = 0;
		};
		2E810A72201785EB0007F133 /* Sources */ = {
			isa = PBXSourcesBuildPhase;
			buildActionMask = 2147483647;
			files = (
				2E810A7B201785EB0007F133 /* newOfferUITests.m in Sources */,
			);
			runOnlyForDeploymentPostprocessing = 0;
		};
/* End PBXSourcesBuildPhase section */

/* Begin PBXTargetDependency section */
		2E810A6D201785EB0007F133 /* PBXTargetDependency */ = {
			isa = PBXTargetDependency;
			target = 2E810A52201785EB0007F133 /* newOffer */;
			targetProxy = 2E810A6C201785EB0007F133 /* PBXContainerItemProxy */;
		};
		2E810A78201785EB0007F133 /* PBXTargetDependency */ = {
			isa = PBXTargetDependency;
			target = 2E810A52201785EB0007F133 /* newOffer */;
			targetProxy = 2E810A77201785EB0007F133 /* PBXContainerItemProxy */;
		};
/* End PBXTargetDependency section */

/* Begin PBXVariantGroup section */
		2E810A5C201785EB0007F133 /* Main.storyboard */ = {
			isa = PBXVariantGroup;
			children = (
				2E810A5D201785EB0007F133 /* Base */,
			);
			name = Main.storyboard;
			sourceTree = "<group>";
		};
		2E810A61201785EB0007F133 /* LaunchScreen.storyboard */ = {
			isa = PBXVariantGroup;
			children = (
				2E810A62201785EB0007F133 /* Base */,
			);
			name = LaunchScreen.storyboard;
			sourceTree = "<group>";
		};
/* End PBXVariantGroup section */

/* Begin XCBuildConfiguration section */
		2E810A7D201785EB0007F133 /* Debug */ = {
			isa = XCBuildConfiguration;
			buildSettings = {
				ALWAYS_SEARCH_USER_PATHS = NO;
				CLANG_ANALYZER_NONNULL = YES;
				CLANG_ANALYZER_NUMBER_OBJECT_CONVERSION = YES_AGGRESSIVE;
				CLANG_CXX_LANGUAGE_STANDARD = "gnu++14";
				CLANG_CXX_LIBRARY = "libc++";
				CLANG_ENABLE_MODULES = YES;
				CLANG_ENABLE_OBJC_ARC = YES;
				CLANG_WARN_BLOCK_CAPTURE_AUTORELEASING = YES;
				CLANG_WARN_BOOL_CONVERSION = YES;
				CLANG_WARN_COMMA = YES;
				CLANG_WARN_CONSTANT_CONVERSION = YES;
				CLANG_WARN_DIRECT_OBJC_ISA_USAGE = YES_ERROR;
				CLANG_WARN_DOCUMENTATION_COMMENTS = YES;
				CLANG_WARN_EMPTY_BODY = YES;
				CLANG_WARN_ENUM_CONVERSION = YES;
				CLANG_WARN_INFINITE_RECURSION = YES;
				CLANG_WARN_INT_CONVERSION = YES;
				CLANG_WARN_NON_LITERAL_NULL_CONVERSION = YES;
				CLANG_WARN_OBJC_LITERAL_CONVERSION = YES;
				CLANG_WARN_OBJC_ROOT_CLASS = YES_ERROR;
				CLANG_WARN_RANGE_LOOP_ANALYSIS = YES;
				CLANG_WARN_STRICT_PROTOTYPES = YES;
				CLANG_WARN_SUSPICIOUS_MOVE = YES;
				CLANG_WARN_UNGUARDED_AVAILABILITY = YES_AGGRESSIVE;
				CLANG_WARN_UNREACHABLE_CODE = YES;
				CLANG_WARN__DUPLICATE_METHOD_MATCH = YES;
				CODE_SIGN_IDENTITY = "iPhone Developer";
				COPY_PHASE_STRIP = NO;
				DEBUG_INFORMATION_FORMAT = dwarf;
				ENABLE_STRICT_OBJC_MSGSEND = YES;
				ENABLE_TESTABILITY = YES;
				GCC_C_LANGUAGE_STANDARD = gnu11;
				GCC_DYNAMIC_NO_PIC = NO;
				GCC_NO_COMMON_BLOCKS = YES;
				GCC_OPTIMIZATION_LEVEL = 0;
				GCC_PREPROCESSOR_DEFINITIONS = (
					"DEBUG=1",
					"$(inherited)",
				);
				GCC_WARN_64_TO_32_BIT_CONVERSION = YES;
				GCC_WARN_ABOUT_RETURN_TYPE = YES_ERROR;
				GCC_WARN_UNDECLARED_SELECTOR = YES;
				GCC_WARN_UNINITIALIZED_AUTOS = YES_AGGRESSIVE;
				GCC_WARN_UNUSED_FUNCTION = YES;
				GCC_WARN_UNUSED_VARIABLE = YES;
				IPHONEOS_DEPLOYMENT_TARGET = 11.2;
				MTL_ENABLE_DEBUG_INFO = YES;
				ONLY_ACTIVE_ARCH = YES;
				SDKROOT = iphoneos;
			};
			name = Debug;
		};
		2E810A7E201785EB0007F133 /* Release */ = {
			isa = XCBuildConfiguration;
			buildSettings = {
				ALWAYS_SEARCH_USER_PATHS = NO;
				CLANG_ANALYZER_NONNULL = YES;
				CLANG_ANALYZER_NUMBER_OBJECT_CONVERSION = YES_AGGRESSIVE;
				CLANG_CXX_LANGUAGE_STANDARD = "gnu++14";
				CLANG_CXX_LIBRARY = "libc++";
				CLANG_ENABLE_MODULES = YES;
				CLANG_ENABLE_OBJC_ARC = YES;
				CLANG_WARN_BLOCK_CAPTURE_AUTORELEASING = YES;
				CLANG_WARN_BOOL_CONVERSION = YES;
				CLANG_WARN_COMMA = YES;
				CLANG_WARN_CONSTANT_CONVERSION = YES;
				CLANG_WARN_DIRECT_OBJC_ISA_USAGE = YES_ERROR;
				CLANG_WARN_DOCUMENTATION_COMMENTS = YES;
				CLANG_WARN_EMPTY_BODY = YES;
				CLANG_WARN_ENUM_CONVERSION = YES;
				CLANG_WARN_INFINITE_RECURSION = YES;
				CLANG_WARN_INT_CONVERSION = YES;
				CLANG_WARN_NON_LITERAL_NULL_CONVERSION = YES;
				CLANG_WARN_OBJC_LITERAL_CONVERSION = YES;
				CLANG_WARN_OBJC_ROOT_CLASS = YES_ERROR;
				CLANG_WARN_RANGE_LOOP_ANALYSIS = YES;
				CLANG_WARN_STRICT_PROTOTYPES = YES;
				CLANG_WARN_SUSPICIOUS_MOVE = YES;
				CLANG_WARN_UNGUARDED_AVAILABILITY = YES_AGGRESSIVE;
				CLANG_WARN_UNREACHABLE_CODE = YES;
				CLANG_WARN__DUPLICATE_METHOD_MATCH = YES;
				CODE_SIGN_IDENTITY = "iPhone Developer";
				COPY_PHASE_STRIP = NO;
				DEBUG_INFORMATION_FORMAT = "dwarf-with-dsym";
				ENABLE_NS_ASSERTIONS = NO;
				ENABLE_STRICT_OBJC_MSGSEND = YES;
				GCC_C_LANGUAGE_STANDARD = gnu11;
				GCC_NO_COMMON_BLOCKS = YES;
				GCC_WARN_64_TO_32_BIT_CONVERSION = YES;
				GCC_WARN_ABOUT_RETURN_TYPE = YES_ERROR;
				GCC_WARN_UNDECLARED_SELECTOR = YES;
				GCC_WARN_UNINITIALIZED_AUTOS = YES_AGGRESSIVE;
				GCC_WARN_UNUSED_FUNCTION = YES;
				GCC_WARN_UNUSED_VARIABLE = YES;
				IPHONEOS_DEPLOYMENT_TARGET = 11.2;
				MTL_ENABLE_DEBUG_INFO = NO;
				SDKROOT = iphoneos;
				VALIDATE_PRODUCT = YES;
			};
			name = Release;
		};
		2E810A80201785EB0007F133 /* Debug */ = {
			isa = XCBuildConfiguration;
			buildSettings = {
				ASSETCATALOG_COMPILER_APPICON_NAME = AppIcon;
				CODE_SIGN_STYLE = Automatic;
				DEVELOPMENT_TEAM = PXGGU9PP56;
				INFOPLIST_FILE = newOffer/Info.plist;
				LD_RUNPATH_SEARCH_PATHS = "$(inherited) @executable_path/Frameworks";
				PRODUCT_BUNDLE_IDENTIFIER = xjh.newOffer;
				PRODUCT_NAME = "$(TARGET_NAME)";
				TARGETED_DEVICE_FAMILY = "1,2";
			};
			name = Debug;
		};
		2E810A81201785EB0007F133 /* Release */ = {
			isa = XCBuildConfiguration;
			buildSettings = {
				ASSETCATALOG_COMPILER_APPICON_NAME = AppIcon;
				CODE_SIGN_STYLE = Automatic;
				DEVELOPMENT_TEAM = PXGGU9PP56;
				INFOPLIST_FILE = newOffer/Info.plist;
				LD_RUNPATH_SEARCH_PATHS = "$(inherited) @executable_path/Frameworks";
				PRODUCT_BUNDLE_IDENTIFIER = xjh.newOffer;
				PRODUCT_NAME = "$(TARGET_NAME)";
				TARGETED_DEVICE_FAMILY = "1,2";
			};
			name = Release;
		};
		2E810A83201785EB0007F133 /* Debug */ = {
			isa = XCBuildConfiguration;
			buildSettings = {
				BUNDLE_LOADER = "$(TEST_HOST)";
				CODE_SIGN_STYLE = Automatic;
				DEVELOPMENT_TEAM = PXGGU9PP56;
				INFOPLIST_FILE = newOfferTests/Info.plist;
				LD_RUNPATH_SEARCH_PATHS = "$(inherited) @executable_path/Frameworks @loader_path/Frameworks";
				PRODUCT_BUNDLE_IDENTIFIER = xjh.newOfferTests;
				PRODUCT_NAME = "$(TARGET_NAME)";
				TARGETED_DEVICE_FAMILY = "1,2";
				TEST_HOST = "$(BUILT_PRODUCTS_DIR)/newOffer.app/newOffer";
			};
			name = Debug;
		};
		2E810A84201785EB0007F133 /* Release */ = {
			isa = XCBuildConfiguration;
			buildSettings = {
				BUNDLE_LOADER = "$(TEST_HOST)";
				CODE_SIGN_STYLE = Automatic;
				DEVELOPMENT_TEAM = PXGGU9PP56;
				INFOPLIST_FILE = newOfferTests/Info.plist;
				LD_RUNPATH_SEARCH_PATHS = "$(inherited) @executable_path/Frameworks @loader_path/Frameworks";
				PRODUCT_BUNDLE_IDENTIFIER = xjh.newOfferTests;
				PRODUCT_NAME = "$(TARGET_NAME)";
				TARGETED_DEVICE_FAMILY = "1,2";
				TEST_HOST = "$(BUILT_PRODUCTS_DIR)/newOffer.app/newOffer";
			};
			name = Release;
		};
		2E810A86201785EB0007F133 /* Debug */ = {
			isa = XCBuildConfiguration;
			buildSettings = {
				CODE_SIGN_STYLE = Automatic;
				DEVELOPMENT_TEAM = PXGGU9PP56;
				INFOPLIST_FILE = newOfferUITests/Info.plist;
				LD_RUNPATH_SEARCH_PATHS = "$(inherited) @executable_path/Frameworks @loader_path/Frameworks";
				PRODUCT_BUNDLE_IDENTIFIER = xjh.newOfferUITests;
				PRODUCT_NAME = "$(TARGET_NAME)";
				TARGETED_DEVICE_FAMILY = "1,2";
				TEST_TARGET_NAME = newOffer;
			};
			name = Debug;
		};
		2E810A87201785EB0007F133 /* Release */ = {
			isa = XCBuildConfiguration;
			buildSettings = {
				CODE_SIGN_STYLE = Automatic;
				DEVELOPMENT_TEAM = PXGGU9PP56;
				INFOPLIST_FILE = newOfferUITests/Info.plist;
				LD_RUNPATH_SEARCH_PATHS = "$(inherited) @executable_path/Frameworks @loader_path/Frameworks";
				PRODUCT_BUNDLE_IDENTIFIER = xjh.newOfferUITests;
				PRODUCT_NAME = "$(TARGET_NAME)";
				TARGETED_DEVICE_FAMILY = "1,2";
				TEST_TARGET_NAME = newOffer;
			};
			name = Release;
		};
/* End XCBuildConfiguration section */

/* Begin XCConfigurationList section */
		2E810A4E201785EB0007F133 /* Build configuration list for PBXProject "newOffer" */ = {
			isa = XCConfigurationList;
			buildConfigurations = (
				2E810A7D201785EB0007F133 /* Debug */,
				2E810A7E201785EB0007F133 /* Release */,
			);
			defaultConfigurationIsVisible = 0;
			defaultConfigurationName = Release;
		};
		2E810A7F201785EB0007F133 /* Build configuration list for PBXNativeTarget "newOffer" */ = {
			isa = XCConfigurationList;
			buildConfigurations = (
				2E810A80201785EB0007F133 /* Debug */,
				2E810A81201785EB0007F133 /* Release */,
			);
			defaultConfigurationIsVisible = 0;
			defaultConfigurationName = Release;
		};
		2E810A82201785EB0007F133 /* Build configuration list for PBXNativeTarget "newOfferTests" */ = {
			isa = XCConfigurationList;
			buildConfigurations = (
				2E810A83201785EB0007F133 /* Debug */,
				2E810A84201785EB0007F133 /* Release */,
			);
			defaultConfigurationIsVisible = 0;
			defaultConfigurationName = Release;
		};
		2E810A85201785EB0007F133 /* Build configuration list for PBXNativeTarget "newOfferUITests" */ = {
			isa = XCConfigurationList;
			buildConfigurations = (
				2E810A86201785EB0007F133 /* Debug */,
				2E810A87201785EB0007F133 /* Release */,
			);
			defaultConfigurationIsVisible = 0;
			defaultConfigurationName = Release;
		};
/* End XCConfigurationList section */
	};
	rootObject = 2E810A4B201785EB0007F133 /* Project object */;
}
